
Microsoft Visual Studio Solution File, Format Version 12.00
# Visual Studio Version 17
VisualStudioVersion = 17.6.33513.286
MinimumVisualStudioVersion = 10.0.40219.1
Project("{9A19103F-16F7-4668-BE54-9A1E7A4F7556}") = "BlogNoticias.Api", "src\BlogNoticias.Api\BlogNoticias.Api\BlogNoticias.Api.csproj", "{1356DA21-5E50-47E8-BE5D-2667478891DF}"
EndProject
Project("{9A19103F-16F7-4668-BE54-9A1E7A4F7556}") = "BlogNoticias.Web", "src\BlogNoticias.Web\BlogNoticias.Web\BlogNoticias.Web.csproj", "{32A46132-05BA-4B6B-ADC2-62B61455313D}"
EndProject
Global
	GlobalSection(SolutionConfigurationPlatforms) = preSolution
		Debug|Any CPU = Debug|Any CPU
		Release|Any CPU = Release|Any CPU
	EndGlobalSection
	GlobalSection(ProjectConfigurationPlatforms) = postSolution
		{1356DA21-5E50-47E8-BE5D-2667478891DF}.Debug|Any CPU.ActiveCfg = Debug|Any CPU
		{1356DA21-5E50-47E8-BE5D-2667478891DF}.Debug|Any CPU.Build.0 = Debug|Any CPU
		{1356DA21-5E50-47E8-BE5D-2667478891DF}.Release|Any CPU.ActiveCfg = Release|Any CPU
		{1356DA21-5E50-47E8-BE5D-2667478891DF}.Release|Any CPU.Build.0 = Release|Any CPU
		{32A46132-05BA-4B6B-ADC2-62B61455313D}.Debug|Any CPU.ActiveCfg = Debug|Any CPU
		{32A46132-05BA-4B6B-ADC2-62B61455313D}.Debug|Any CPU.Build.0 = Debug|Any CPU
		{32A46132-05BA-4B6B-ADC2-62B61455313D}.Release|Any CPU.ActiveCfg = Release|Any CPU
		{32A46132-05BA-4B6B-ADC2-62B61455313D}.Release|Any CPU.Build.0 = Release|Any CPU
	EndGlobalSection
	GlobalSection(SolutionProperties) = preSolution
		HideSolutionNode = FALSE
	EndGlobalSection
	GlobalSection(ExtensibilityGlobals) = postSolution
		SolutionGuid = {24526DFA-FC98-4D89-9E2E-0FF85BF74A43}
	EndGlobalSection
EndGlobal
